github.com/davecgh/go-spew v1.1.0 h1:ZDRjVQ15GmhC3fiQ8ni8+OwkZQO4DARzQgrnXU1Liz8=
github.com/davecgh/go-spew v1.1.0/go.mod h1:J7Y8YcW2NihsgmVo/mv3lAwl/skON4iLHjSsI+c5H38=
github.com/gobwas/glob v0.2.3-0.20170212200151-51eb1ee00b6d h1:Z6VxfqVFFRW8mhmqiPoJXeaHQqKQCYeEbJ9B+289ApU=
github.com/gobwas/glob v0.2.3-0.20170212200151-51eb1ee00b6d/go.mod h1:d3Ez4x06l9bZtSvzIay5+Yzi0fmZzPgnTbPcKjJAkT8=
github.com/inconshreveable/mousetrap v1.0.0 h1:Z8tu5sraLXCXIcARxBp/8cbvlwVa7Z1NHg9XEKhtSvM=
github.com/inconshreveable/mousetrap v1.0.0/go.mod h1:PxqpIevigyE2G7u3NXJIT2ANytuPF1OarO4DADm73n8=
github.com/minio/minio-go v2.0.5-0.20170426182305-5297a818b482+incompatible h1:hzZO9SNvtRTQ8e/tumRZxJnWzF0IKFFUwhjB3EMnF04=
github.com/minio/minio-go v2.0.5-0.20170426182305-5297a818b482+incompatible/go.mod h1:7guKYtitv8dktvNUGrhzmNlA5wrAABTQXCoesZdFQO8=
github.com/pkg/errors v0.8.1-0.20170316201538-ff09b135c25a h1:qM2DiE1qoJGUQDGyLz0SRU+JNSsSmHfSdC3MscqKQwg=
github.com/pkg/errors v0.8.1-0.20170316201538-ff09b135c25a/go.mod h1:bwawxfHBFNV+L2hUp1rHADufV3IMtnDRdf1r5NINEl0=
github.com/pmezard/go-difflib v1.0.0 h1:4DBwDE0NGyQoBHbLQYPwSUPoCMWR5BEzIk/f1lZbAQM=
github.com/pmezard/go-difflib v1.0.0/go.mod h1:iKH77koFhYxTK1pcRnkKkqfTogsbg7gZNVY4sRDYZ/4=
github.com/spf13/cobra v0.0.0-20170408144537-5deb57bbca49 h1:UR8nDfJkjrbJwoiCIM6xCMCPV5ESerl0fHkcJvVfNBI=
github.com/spf13/cobra v0.0.0-20170408144537-5deb57bbca49/go.mod h1:1l0Ry5zgKvJasoi3XT1TypsSe7PqH0Sj9dhYf7v3XqQ=
github.com/spf13/pflag v0.0.0-20170405141832-9a906f173749 h1:GkC7SjcEvqTlf+ahHhQsFBG/tY0FNg7BUXLG+mGubvc=
github.com/spf13/pflag v0.0.0-20170405141832-9a906f173749/go.mod h1:DYY7MBk1bdzusC3SYhjObp+wFpr4gzcvqqNjLnInEg4=
github.com/stretchr/testify v1.1.5-0.20170130113145-4d4bfba8f1d1 h1:lw5Afd+fyvHjR37yaN3zdhmF76Lv3Da1kOeihVDSf9E=
github.com/stretchr/testify v1.1.5-0.20170130113145-4d4bfba8f1d1/go.mod h1:a8OnRcib4nhh0OaRAV+Yts87kKdq0PP7pXfy6kDkUVs=
